
Microsoft Visual Studio Solution File, Format Version 12.00
Project("{FAE04EC0-301F-11D3-BF4B-00C04F79EFBC}") = "ADOAPI", "ADOAPI\ADOAPI.csproj", "{44B96D41-8FFC-404A-A230-A6D6175880A0}"
EndProject
Project("{FAE04EC0-301F-11D3-BF4B-00C04F79EFBC}") = "ADOAPI.Application", "ADOAPI.Application\ADOAPI.Application.csproj", "{90CCA84C-BC41-446F-BB46-FC689CD1D9DF}"
EndProject
Project("{FAE04EC0-301F-11D3-BF4B-00C04F79EFBC}") = "ADOAPI.Domain", "ADOAPI.Domain\ADOAPI.Domain.csproj", "{720C891A-E459-42C3-8B3C-A8F4D39C4374}"
EndProject
Project("{FAE04EC0-301F-11D3-BF4B-00C04F79EFBC}") = "ADOAPI.Persistence", "ADOAPI.Persistence\ADOAPI.Persistence.csproj", "{05A3453D-5CB1-4CAE-A592-6325BDEBC72A}"
EndProject
Global
	GlobalSection(SolutionConfigurationPlatforms) = preSolution
		Debug|Any CPU = Debug|Any CPU
		Release|Any CPU = Release|Any CPU
	EndGlobalSection
	GlobalSection(ProjectConfigurationPlatforms) = postSolution
		{44B96D41-8FFC-404A-A230-A6D6175880A0}.Debug|Any CPU.ActiveCfg = Debug|Any CPU
		{44B96D41-8FFC-404A-A230-A6D6175880A0}.Debug|Any CPU.Build.0 = Debug|Any CPU
		{44B96D41-8FFC-404A-A230-A6D6175880A0}.Release|Any CPU.ActiveCfg = Release|Any CPU
		{44B96D41-8FFC-404A-A230-A6D6175880A0}.Release|Any CPU.Build.0 = Release|Any CPU
		{90CCA84C-BC41-446F-BB46-FC689CD1D9DF}.Debug|Any CPU.ActiveCfg = Debug|Any CPU
		{90CCA84C-BC41-446F-BB46-FC689CD1D9DF}.Debug|Any CPU.Build.0 = Debug|Any CPU
		{90CCA84C-BC41-446F-BB46-FC689CD1D9DF}.Release|Any CPU.ActiveCfg = Release|Any CPU
		{90CCA84C-BC41-446F-BB46-FC689CD1D9DF}.Release|Any CPU.Build.0 = Release|Any CPU
		{720C891A-E459-42C3-8B3C-A8F4D39C4374}.Debug|Any CPU.ActiveCfg = Debug|Any CPU
		{720C891A-E459-42C3-8B3C-A8F4D39C4374}.Debug|Any CPU.Build.0 = Debug|Any CPU
		{720C891A-E459-42C3-8B3C-A8F4D39C4374}.Release|Any CPU.ActiveCfg = Release|Any CPU
		{720C891A-E459-42C3-8B3C-A8F4D39C4374}.Release|Any CPU.Build.0 = Release|Any CPU
		{05A3453D-5CB1-4CAE-A592-6325BDEBC72A}.Debug|Any CPU.ActiveCfg = Debug|Any CPU
		{05A3453D-5CB1-4CAE-A592-6325BDEBC72A}.Debug|Any CPU.Build.0 = Debug|Any CPU
		{05A3453D-5CB1-4CAE-A592-6325BDEBC72A}.Release|Any CPU.ActiveCfg = Release|Any CPU
		{05A3453D-5CB1-4CAE-A592-6325BDEBC72A}.Release|Any CPU.Build.0 = Release|Any CPU
	EndGlobalSection
EndGlobal
